
Microsoft Visual Studio Solution File, Format Version 12.00
Project("{FAE04EC0-301F-11D3-BF4B-00C04F79EFBC}") = "CrimeRemover", "CrimeRemover.csproj", "{7EBD49C2-1CD1-42FF-AC9F-22691ADA0831}"
EndProject
Global
	GlobalSection(SolutionConfigurationPlatforms) = preSolution
		Debug|Any CPU = Debug|Any CPU
		Release|Any CPU = Release|Any CPU
	EndGlobalSection
	GlobalSection(ProjectConfigurationPlatforms) = postSolution
		{7EBD49C2-1CD1-42FF-AC9F-22691ADA0831}.Debug|Any CPU.ActiveCfg = Debug|Any CPU
		{7EBD49C2-1CD1-42FF-AC9F-22691ADA0831}.Debug|Any CPU.Build.0 = Debug|Any CPU
		{7EBD49C2-1CD1-42FF-AC9F-22691ADA0831}.Release|Any CPU.ActiveCfg = Release|Any CPU
		{7EBD49C2-1CD1-42FF-AC9F-22691ADA0831}.Release|Any CPU.Build.0 = Release|Any CPU
	EndGlobalSection
EndGlobal
